PODS:
  - lightstep (3.2.7):
    - opentracing (~> 0.4.0)
  - opentracing (0.4.2)

DEPENDENCIES:
  - lightstep (from `../..`)

EXTERNAL SOURCES:
  lightstep:
    :path: "../.."

SPEC CHECKSUMS:
  lightstep: 759946be27e64e1c7e695b3dc8c709c0cd7fc014
  opentracing: ead1caa5478ee78318bda55862fe33a2e67478a4

PODFILE CHECKSUM: ab77b8c59bf40240bec48ed4c7abaa4e04891fcc

COCOAPODS: 1.2.0
