PODS:
  - lightstep (3.2.4):
    - opentracing (~> 0.4.0)
  - opentracing (0.4.2)

DEPENDENCIES:
  - lightstep (from `../..`)

EXTERNAL SOURCES:
  lightstep:
    :path: "../.."

SPEC CHECKSUMS:
  lightstep: 480fec1e9a67b79856ecfa64bfc2de3584afe22d
  opentracing: ead1caa5478ee78318bda55862fe33a2e67478a4

PODFILE CHECKSUM: ab77b8c59bf40240bec48ed4c7abaa4e04891fcc

COCOAPODS: 1.1.1
