// !$*UTF8*$!
{
	archiveVersion = 1;
	classes = {
	};
	objectVersion = 46;
	objects = {

/* Begin PBXBuildFile section */
		0041B3C81931B17094C89F1F /* libPods-LightStepTestUI.a in Frameworks */ = {isa = PBXBuildFile; fileRef = 59B7015A1F97CC51513E4FA0 /* libPods-LightStepTestUI.a */; };
		811B5EC81C7E80F90076110E /* main.m in Sources */ = {isa = PBXBuildFile; fileRef = 811B5EC71C7E80F90076110E /* main.m */; };
		811B5ECB1C7E80F90076110E /* AppDelegate.m in Sources */ = {isa = PBXBuildFile; fileRef = 811B5ECA1C7E80F90076110E /* AppDelegate.m */; };
		811B5ECE1C7E80F90076110E /* ViewController.m in Sources */ = {isa = PBXBuildFile; fileRef = 811B5ECD1C7E80F90076110E /* ViewController.m */; };
		811B5ED11C7E80F90076110E /* Main.storyboard in Resources */ = {isa = PBXBuildFile; fileRef = 811B5ECF1C7E80F90076110E /* Main.storyboard */; };
		811B5ED31C7E80F90076110E /* Assets.xcassets in Resources */ = {isa = PBXBuildFile; fileRef = 811B5ED21C7E80F90076110E /* Assets.xcassets */; };
		811B5ED61C7E80F90076110E /* LaunchScreen.storyboard in Resources */ = {isa = PBXBuildFile; fileRef = 811B5ED41C7E80F90076110E /* LaunchScreen.storyboard */; };
		817C861E1C84D0200060C5FD /* LightStepUnitTests.m in Sources */ = {isa = PBXBuildFile; fileRef = 817C861D1C84D0200060C5FD /* LightStepUnitTests.m */; };
		FC8CEA6067CDE25B50423D3D /* libPods-LightStepUnitTests.a in Frameworks */ = {isa = PBXBuildFile; fileRef = B65B1CD6D54ADBD1AA2719A7 /* libPods-LightStepUnitTests.a */; };
/* End PBXBuildFile section */

/* Begin PBXContainerItemProxy section */
		817C86201C84D0200060C5FD /* PBXContainerItemProxy */ = {
			isa = PBXContainerItemProxy;
			containerPortal = 811B5EBB1C7E80F90076110E /* Project object */;
			proxyType = 1;
			remoteGlobalIDString = 811B5EC21C7E80F90076110E;
			remoteInfo = LightStepTestUI;
		};
/* End PBXContainerItemProxy section */

/* Begin PBXFileReference section */
		07C33A36D9780B67E071DDE8 /* Pods-LightStepTestUI.debug.xcconfig */ = {isa = PBXFileReference; includeInIndex = 1; lastKnownFileType = text.xcconfig; name = "Pods-LightStepTestUI.debug.xcconfig"; path = "Pods/Target Support Files/Pods-LightStepTestUI/Pods-LightStepTestUI.debug.xcconfig"; sourceTree = "<group>"; };
		4E3F58243825167ED6188095 /* Pods-LightStepTestUI.release.xcconfig */ = {isa = PBXFileReference; includeInIndex = 1; lastKnownFileType = text.xcconfig; name = "Pods-LightStepTestUI.release.xcconfig"; path = "Pods/Target Support Files/Pods-LightStepTestUI/Pods-LightStepTestUI.release.xcconfig"; sourceTree = "<group>"; };
		59B7015A1F97CC51513E4FA0 /* libPods-LightStepTestUI.a */ = {isa = PBXFileReference; explicitFileType = archive.ar; includeInIndex = 0; path = "libPods-LightStepTestUI.a"; sourceTree = BUILT_PRODUCTS_DIR; };
		811B5EC31C7E80F90076110E /* LightStepTestUI.app */ = {isa = PBXFileReference; explicitFileType = wrapper.application; includeInIndex = 0; path = LightStepTestUI.app; sourceTree = BUILT_PRODUCTS_DIR; };
		811B5EC71C7E80F90076110E /* main.m */ = {isa = PBXFileReference; lastKnownFileType = sourcecode.c.objc; path = main.m; sourceTree = "<group>"; };
		811B5EC91C7E80F90076110E /* AppDelegate.h */ = {isa = PBXFileReference; lastKnownFileType = sourcecode.c.h; path = AppDelegate.h; sourceTree = "<group>"; };
		811B5ECA1C7E80F90076110E /* AppDelegate.m */ = {isa = PBXFileReference; lastKnownFileType = sourcecode.c.objc; path = AppDelegate.m; sourceTree = "<group>"; };
		811B5ECC1C7E80F90076110E /* ViewController.h */ = {isa = PBXFileReference; lastKnownFileType = sourcecode.c.h; path = ViewController.h; sourceTree = "<group>"; };
		811B5ECD1C7E80F90076110E /* ViewController.m */ = {isa = PBXFileReference; lastKnownFileType = sourcecode.c.objc; path = ViewController.m; sourceTree = "<group>"; };
		811B5ED01C7E80F90076110E /* Base */ = {isa = PBXFileReference; lastKnownFileType = file.storyboard; name = Base; path = Base.lproj/Main.storyboard; sourceTree = "<group>"; };
		811B5ED21C7E80F90076110E /* Assets.xcassets */ = {isa = PBXFileReference; lastKnownFileType = folder.assetcatalog; path = Assets.xcassets; sourceTree = "<group>"; };
		811B5ED51C7E80F90076110E /* Base */ = {isa = PBXFileReference; lastKnownFileType = file.storyboard; name = Base; path = Base.lproj/LaunchScreen.storyboard; sourceTree = "<group>"; };
		811B5ED71C7E80F90076110E /* Info.plist */ = {isa = PBXFileReference; lastKnownFileType = text.plist.xml; path = Info.plist; sourceTree = "<group>"; };
		817C861B1C84D0200060C5FD /* LightStepUnitTests.xctest */ = {isa = PBXFileReference; explicitFileType = wrapper.cfbundle; includeInIndex = 0; path = LightStepUnitTests.xctest; sourceTree = BUILT_PRODUCTS_DIR; };
		817C861D1C84D0200060C5FD /* LightStepUnitTests.m */ = {isa = PBXFileReference; lastKnownFileType = sourcecode.c.objc; path = LightStepUnitTests.m; sourceTree = "<group>"; };
		817C861F1C84D0200060C5FD /* Info.plist */ = {isa = PBXFileReference; lastKnownFileType = text.plist.xml; path = Info.plist; sourceTree = "<group>"; };
		A9C454551D7F4369000283E1 /* lightstep.framework */ = {isa = PBXFileReference; lastKnownFileType = wrapper.framework; name = lightstep.framework; path = "../../../../Library/Developer/Xcode/DerivedData/LightStepTestUI-gygbfnxbvlvkuzgefierexnqwaxx/Build/Products/Debug-iphonesimulator/lightstep/lightstep.framework"; sourceTree = "<group>"; };
		B65B1CD6D54ADBD1AA2719A7 /* libPods-LightStepUnitTests.a */ = {isa = PBXFileReference; explicitFileType = archive.ar; includeInIndex = 0; path = "libPods-LightStepUnitTests.a"; sourceTree = BUILT_PRODUCTS_DIR; };
		C44D7FC31F0A312669727212 /* Pods-LightStepUnitTests.release.xcconfig */ = {isa = PBXFileReference; includeInIndex = 1; lastKnownFileType = text.xcconfig; name = "Pods-LightStepUnitTests.release.xcconfig"; path = "Pods/Target Support Files/Pods-LightStepUnitTests/Pods-LightStepUnitTests.release.xcconfig"; sourceTree = "<group>"; };
		C9D5B00D38FF88B3D56EB4BA /* Pods-LightStepUnitTests.debug.xcconfig */ = {isa = PBXFileReference; includeInIndex = 1; lastKnownFileType = text.xcconfig; name = "Pods-LightStepUnitTests.debug.xcconfig"; path = "Pods/Target Support Files/Pods-LightStepUnitTests/Pods-LightStepUnitTests.debug.xcconfig"; sourceTree = "<group>"; };
/* End PBXFileReference section */

/* Begin PBXFrameworksBuildPhase section */
		811B5EC01C7E80F90076110E /* Frameworks */ = {
			isa = PBXFrameworksBuildPhase;
			buildActionMask = 2147483647;
			files = (
				0041B3C81931B17094C89F1F /* libPods-LightStepTestUI.a in Frameworks */,
			);
			runOnlyForDeploymentPostprocessing = 0;
		};
		817C86181C84D0200060C5FD /* Frameworks */ = {
			isa = PBXFrameworksBuildPhase;
			buildActionMask = 2147483647;
			files = (
				FC8CEA6067CDE25B50423D3D /* libPods-LightStepUnitTests.a in Frameworks */,
			);
			runOnlyForDeploymentPostprocessing = 0;
		};
/* End PBXFrameworksBuildPhase section */

/* Begin PBXGroup section */
		14619A5966212857C456D1BA /* Frameworks */ = {
			isa = PBXGroup;
			children = (
				A9C454551D7F4369000283E1 /* lightstep.framework */,
				59B7015A1F97CC51513E4FA0 /* libPods-LightStepTestUI.a */,
				B65B1CD6D54ADBD1AA2719A7 /* libPods-LightStepUnitTests.a */,
			);
			name = Frameworks;
			sourceTree = "<group>";
		};
		811B5EBA1C7E80F90076110E = {
			isa = PBXGroup;
			children = (
				811B5EC51C7E80F90076110E /* LightStepTestUI */,
				817C861C1C84D0200060C5FD /* LightStepUnitTests */,
				811B5EC41C7E80F90076110E /* Products */,
				F5ED9A4DDD106094BF7E51DD /* Pods */,
				14619A5966212857C456D1BA /* Frameworks */,
			);
			sourceTree = "<group>";
		};
		811B5EC41C7E80F90076110E /* Products */ = {
			isa = PBXGroup;
			children = (
				811B5EC31C7E80F90076110E /* LightStepTestUI.app */,
				817C861B1C84D0200060C5FD /* LightStepUnitTests.xctest */,
			);
			name = Products;
			sourceTree = "<group>";
		};
		811B5EC51C7E80F90076110E /* LightStepTestUI */ = {
			isa = PBXGroup;
			children = (
				811B5EC91C7E80F90076110E /* AppDelegate.h */,
				811B5ECA1C7E80F90076110E /* AppDelegate.m */,
				811B5ECC1C7E80F90076110E /* ViewController.h */,
				811B5ECD1C7E80F90076110E /* ViewController.m */,
				811B5ECF1C7E80F90076110E /* Main.storyboard */,
				811B5ED21C7E80F90076110E /* Assets.xcassets */,
				811B5ED41C7E80F90076110E /* LaunchScreen.storyboard */,
				811B5ED71C7E80F90076110E /* Info.plist */,
				811B5EC61C7E80F90076110E /* Supporting Files */,
			);
			path = LightStepTestUI;
			sourceTree = "<group>";
		};
		811B5EC61C7E80F90076110E /* Supporting Files */ = {
			isa = PBXGroup;
			children = (
				811B5EC71C7E80F90076110E /* main.m */,
			);
			name = "Supporting Files";
			sourceTree = "<group>";
		};
		817C861C1C84D0200060C5FD /* LightStepUnitTests */ = {
			isa = PBXGroup;
			children = (
				817C861D1C84D0200060C5FD /* LightStepUnitTests.m */,
				817C861F1C84D0200060C5FD /* Info.plist */,
			);
			path = LightStepUnitTests;
			sourceTree = "<group>";
		};
		F5ED9A4DDD106094BF7E51DD /* Pods */ = {
			isa = PBXGroup;
			children = (
				07C33A36D9780B67E071DDE8 /* Pods-LightStepTestUI.debug.xcconfig */,
				4E3F58243825167ED6188095 /* Pods-LightStepTestUI.release.xcconfig */,
				C9D5B00D38FF88B3D56EB4BA /* Pods-LightStepUnitTests.debug.xcconfig */,
				C44D7FC31F0A312669727212 /* Pods-LightStepUnitTests.release.xcconfig */,
			);
			name = Pods;
			sourceTree = "<group>";
		};
/* End PBXGroup section */

/* Begin PBXNativeTarget section */
		811B5EC21C7E80F90076110E /* LightStepTestUI */ = {
			isa = PBXNativeTarget;
			buildConfigurationList = 811B5EDA1C7E80F90076110E /* Build configuration list for PBXNativeTarget "LightStepTestUI" */;
			buildPhases = (
				E063C043E467349F2E6AAE64 /* [CP] Check Pods Manifest.lock */,
				811B5EBF1C7E80F90076110E /* Sources */,
				811B5EC01C7E80F90076110E /* Frameworks */,
				811B5EC11C7E80F90076110E /* Resources */,
				DA0B47114BE1B334EB0974F1 /* [CP] Embed Pods Frameworks */,
				B945AACE850172993BD52592 /* [CP] Copy Pods Resources */,
			);
			buildRules = (
			);
			dependencies = (
			);
			name = LightStepTestUI;
			productName = LightStepTestUI;
			productReference = 811B5EC31C7E80F90076110E /* LightStepTestUI.app */;
			productType = "com.apple.product-type.application";
		};
		817C861A1C84D0200060C5FD /* LightStepUnitTests */ = {
			isa = PBXNativeTarget;
			buildConfigurationList = 817C86241C84D0200060C5FD /* Build configuration list for PBXNativeTarget "LightStepUnitTests" */;
			buildPhases = (
				4C1C701C9297F94D47FBF206 /* [CP] Check Pods Manifest.lock */,
				817C86171C84D0200060C5FD /* Sources */,
				817C86181C84D0200060C5FD /* Frameworks */,
				817C86191C84D0200060C5FD /* Resources */,
				60FDA512AA08A24637F11249 /* [CP] Embed Pods Frameworks */,
				8B445DCFFA094F3887C111CC /* [CP] Copy Pods Resources */,
			);
			buildRules = (
			);
			dependencies = (
				817C86211C84D0200060C5FD /* PBXTargetDependency */,
			);
			name = LightStepUnitTests;
			productName = LightStepUnitTests;
			productReference = 817C861B1C84D0200060C5FD /* LightStepUnitTests.xctest */;
			productType = "com.apple.product-type.bundle.unit-test";
		};
/* End PBXNativeTarget section */

/* Begin PBXProject section */
		811B5EBB1C7E80F90076110E /* Project object */ = {
			isa = PBXProject;
			attributes = {
				LastUpgradeCheck = 0800;
				ORGANIZATIONNAME = LightStep;
				TargetAttributes = {
					811B5EC21C7E80F90076110E = {
						CreatedOnToolsVersion = 7.2;
						DevelopmentTeam = 5F7HL6C44K;
					};
					817C861A1C84D0200060C5FD = {
						CreatedOnToolsVersion = 7.2.1;
						TestTargetID = 811B5EC21C7E80F90076110E;
					};
				};
			};
			buildConfigurationList = 811B5EBE1C7E80F90076110E /* Build configuration list for PBXProject "LightStepTestUI" */;
			compatibilityVersion = "Xcode 3.2";
			developmentRegion = English;
			hasScannedForEncodings = 0;
			knownRegions = (
				en,
				Base,
			);
			mainGroup = 811B5EBA1C7E80F90076110E;
			productRefGroup = 811B5EC41C7E80F90076110E /* Products */;
			projectDirPath = "";
			projectRoot = "";
			targets = (
				811B5EC21C7E80F90076110E /* LightStepTestUI */,
				817C861A1C84D0200060C5FD /* LightStepUnitTests */,
			);
		};
/* End PBXProject section */

/* Begin PBXResourcesBuildPhase section */
		811B5EC11C7E80F90076110E /* Resources */ = {
			isa = PBXResourcesBuildPhase;
			buildActionMask = 2147483647;
			files = (
				811B5ED61C7E80F90076110E /* LaunchScreen.storyboard in Resources */,
				811B5ED31C7E80F90076110E /* Assets.xcassets in Resources */,
				811B5ED11C7E80F90076110E /* Main.storyboard in Resources */,
			);
			runOnlyForDeploymentPostprocessing = 0;
		};
		817C86191C84D0200060C5FD /* Resources */ = {
			isa = PBXResourcesBuildPhase;
			buildActionMask = 2147483647;
			files = (
			);
			runOnlyForDeploymentPostprocessing = 0;
		};
/* End PBXResourcesBuildPhase section */

/* Begin PBXShellScriptBuildPhase section */
		4C1C701C9297F94D47FBF206 /* [CP] Check Pods Manifest.lock */ = {
			isa = PBXShellScriptBuildPhase;
			buildActionMask = 2147483647;
			files = (
			);
			inputPaths = (
				"${PODS_PODFILE_DIR_PATH}/Podfile.lock",
				"${PODS_ROOT}/Manifest.lock",
			);
			name = "[CP] Check Pods Manifest.lock";
			outputPaths = (
				"$(DERIVED_FILE_DIR)/Pods-LightStepUnitTests-checkManifestLockResult.txt",
			);
			runOnlyForDeploymentPostprocessing = 0;
			shellPath = /bin/sh;
			shellScript = "diff \"${PODS_PODFILE_DIR_PATH}/Podfile.lock\" \"${PODS_ROOT}/Manifest.lock\" > /dev/null\nif [ $? != 0 ] ; then\n    # print error to STDERR\n    echo \"error: The sandbox is not in sync with the Podfile.lock. Run 'pod install' or update your CocoaPods installation.\" >&2\n    exit 1\nfi\n# This output is used by Xcode 'outputs' to avoid re-running this script phase.\necho \"SUCCESS\" > \"${SCRIPT_OUTPUT_FILE_0}\"\n";
			showEnvVarsInLog = 0;
		};
		60FDA512AA08A24637F11249 /* [CP] Embed Pods Frameworks */ = {
			isa = PBXShellScriptBuildPhase;
			buildActionMask = 2147483647;
			files = (
			);
			inputPaths = (
			);
			name = "[CP] Embed Pods Frameworks";
			outputPaths = (
			);
			runOnlyForDeploymentPostprocessing = 0;
			shellPath = /bin/sh;
			shellScript = "\"${SRCROOT}/Pods/Target Support Files/Pods-LightStepUnitTests/Pods-LightStepUnitTests-frameworks.sh\"\n";
			showEnvVarsInLog = 0;
		};
		8B445DCFFA094F3887C111CC /* [CP] Copy Pods Resources */ = {
			isa = PBXShellScriptBuildPhase;
			buildActionMask = 2147483647;
			files = (
			);
			inputPaths = (
			);
			name = "[CP] Copy Pods Resources";
			outputPaths = (
			);
			runOnlyForDeploymentPostprocessing = 0;
			shellPath = /bin/sh;
			shellScript = "\"${SRCROOT}/Pods/Target Support Files/Pods-LightStepUnitTests/Pods-LightStepUnitTests-resources.sh\"\n";
			showEnvVarsInLog = 0;
		};
		B945AACE850172993BD52592 /* [CP] Copy Pods Resources */ = {
			isa = PBXShellScriptBuildPhase;
			buildActionMask = 2147483647;
			files = (
			);
			inputPaths = (
			);
			name = "[CP] Copy Pods Resources";
			outputPaths = (
			);
			runOnlyForDeploymentPostprocessing = 0;
			shellPath = /bin/sh;
			shellScript = "\"${SRCROOT}/Pods/Target Support Files/Pods-LightStepTestUI/Pods-LightStepTestUI-resources.sh\"\n";
			showEnvVarsInLog = 0;
		};
		DA0B47114BE1B334EB0974F1 /* [CP] Embed Pods Frameworks */ = {
			isa = PBXShellScriptBuildPhase;
			buildActionMask = 2147483647;
			files = (
			);
			inputPaths = (
			);
			name = "[CP] Embed Pods Frameworks";
			outputPaths = (
			);
			runOnlyForDeploymentPostprocessing = 0;
			shellPath = /bin/sh;
			shellScript = "\"${SRCROOT}/Pods/Target Support Files/Pods-LightStepTestUI/Pods-LightStepTestUI-frameworks.sh\"\n";
			showEnvVarsInLog = 0;
		};
		E063C043E467349F2E6AAE64 /* [CP] Check Pods Manifest.lock */ = {
			isa = PBXShellScriptBuildPhase;
			buildActionMask = 2147483647;
			files = (
			);
			inputPaths = (
				"${PODS_PODFILE_DIR_PATH}/Podfile.lock",
				"${PODS_ROOT}/Manifest.lock",
			);
			name = "[CP] Check Pods Manifest.lock";
			outputPaths = (
				"$(DERIVED_FILE_DIR)/Pods-LightStepTestUI-checkManifestLockResult.txt",
			);
			runOnlyForDeploymentPostprocessing = 0;
			shellPath = /bin/sh;
			shellScript = "diff \"${PODS_PODFILE_DIR_PATH}/Podfile.lock\" \"${PODS_ROOT}/Manifest.lock\" > /dev/null\nif [ $? != 0 ] ; then\n    # print error to STDERR\n    echo \"error: The sandbox is not in sync with the Podfile.lock. Run 'pod install' or update your CocoaPods installation.\" >&2\n    exit 1\nfi\n# This output is used by Xcode 'outputs' to avoid re-running this script phase.\necho \"SUCCESS\" > \"${SCRIPT_OUTPUT_FILE_0}\"\n";
			showEnvVarsInLog = 0;
		};
/* End PBXShellScriptBuildPhase section */

/* Begin PBXSourcesBuildPhase section */
		811B5EBF1C7E80F90076110E /* Sources */ = {
			isa = PBXSourcesBuildPhase;
			buildActionMask = 2147483647;
			files = (
				811B5ECE1C7E80F90076110E /* ViewController.m in Sources */,
				811B5ECB1C7E80F90076110E /* AppDelegate.m in Sources */,
				811B5EC81C7E80F90076110E /* main.m in Sources */,
			);
			runOnlyForDeploymentPostprocessing = 0;
		};
		817C86171C84D0200060C5FD /* Sources */ = {
			isa = PBXSourcesBuildPhase;
			buildActionMask = 2147483647;
			files = (
				817C861E1C84D0200060C5FD /* LightStepUnitTests.m in Sources */,
			);
			runOnlyForDeploymentPostprocessing = 0;
		};
/* End PBXSourcesBuildPhase section */

/* Begin PBXTargetDependency section */
		817C86211C84D0200060C5FD /* PBXTargetDependency */ = {
			isa = PBXTargetDependency;
			target = 811B5EC21C7E80F90076110E /* LightStepTestUI */;
			targetProxy = 817C86201C84D0200060C5FD /* PBXContainerItemProxy */;
		};
/* End PBXTargetDependency section */

/* Begin PBXVariantGroup section */
		811B5ECF1C7E80F90076110E /* Main.storyboard */ = {
			isa = PBXVariantGroup;
			children = (
				811B5ED01C7E80F90076110E /* Base */,
			);
			name = Main.storyboard;
			sourceTree = "<group>";
		};
		811B5ED41C7E80F90076110E /* LaunchScreen.storyboard */ = {
			isa = PBXVariantGroup;
			children = (
				811B5ED51C7E80F90076110E /* Base */,
			);
			name = LaunchScreen.storyboard;
			sourceTree = "<group>";
		};
/* End PBXVariantGroup section */

/* Begin XCBuildConfiguration section */
		811B5ED81C7E80F90076110E /* Debug */ = {
			isa = XCBuildConfiguration;
			buildSettings = {
				ALWAYS_SEARCH_USER_PATHS = NO;
				CLANG_CXX_LANGUAGE_STANDARD = "gnu++0x";
				CLANG_CXX_LIBRARY = "libc++";
				CLANG_ENABLE_MODULES = YES;
				CLANG_ENABLE_OBJC_ARC = YES;
				CLANG_WARN_BOOL_CONVERSION = YES;
				CLANG_WARN_CONSTANT_CONVERSION = YES;
				CLANG_WARN_DIRECT_OBJC_ISA_USAGE = YES_ERROR;
				CLANG_WARN_EMPTY_BODY = YES;
				CLANG_WARN_ENUM_CONVERSION = YES;
				CLANG_WARN_INFINITE_RECURSION = YES;
				CLANG_WARN_INT_CONVERSION = YES;
				CLANG_WARN_OBJC_ROOT_CLASS = YES_ERROR;
				CLANG_WARN_SUSPICIOUS_MOVE = YES;
				CLANG_WARN_UNREACHABLE_CODE = YES;
				CLANG_WARN__DUPLICATE_METHOD_MATCH = YES;
				"CODE_SIGN_IDENTITY[sdk=iphoneos*]" = "iPhone Developer";
				COPY_PHASE_STRIP = NO;
				DEBUG_INFORMATION_FORMAT = dwarf;
				ENABLE_STRICT_OBJC_MSGSEND = YES;
				ENABLE_TESTABILITY = YES;
				GCC_C_LANGUAGE_STANDARD = gnu99;
				GCC_DYNAMIC_NO_PIC = NO;
				GCC_NO_COMMON_BLOCKS = YES;
				GCC_OPTIMIZATION_LEVEL = 0;
				GCC_PREPROCESSOR_DEFINITIONS = (
					"GPB_USE_PROTOBUF_FRAMEWORK_IMPORTS=1",
					"DEBUG=1",
					"$(inherited)",
				);
				GCC_WARN_64_TO_32_BIT_CONVERSION = YES;
				GCC_WARN_ABOUT_RETURN_TYPE = YES_ERROR;
				GCC_WARN_UNDECLARED_SELECTOR = YES;
				GCC_WARN_UNINITIALIZED_AUTOS = YES_AGGRESSIVE;
				GCC_WARN_UNUSED_FUNCTION = YES;
				GCC_WARN_UNUSED_VARIABLE = YES;
				HEADER_SEARCH_PATHS = "";
				IPHONEOS_DEPLOYMENT_TARGET = 9.2;
				LIBRARY_SEARCH_PATHS = "$(inherited)";
				MTL_ENABLE_DEBUG_INFO = YES;
				ONLY_ACTIVE_ARCH = YES;
				PODS_ROOT = "${SRCROOT}/Pods";
				SDKROOT = iphoneos;
			};
			name = Debug;
		};
		811B5ED91C7E80F90076110E /* Release */ = {
			isa = XCBuildConfiguration;
			buildSettings = {
				ALWAYS_SEARCH_USER_PATHS = NO;
				CLANG_CXX_LANGUAGE_STANDARD = "gnu++0x";
				CLANG_CXX_LIBRARY = "libc++";
				CLANG_ENABLE_MODULES = YES;
				CLANG_ENABLE_OBJC_ARC = YES;
				CLANG_WARN_BOOL_CONVERSION = YES;
				CLANG_WARN_CONSTANT_CONVERSION = YES;
				CLANG_WARN_DIRECT_OBJC_ISA_USAGE = YES_ERROR;
				CLANG_WARN_EMPTY_BODY = YES;
				CLANG_WARN_ENUM_CONVERSION = YES;
				CLANG_WARN_INFINITE_RECURSION = YES;
				CLANG_WARN_INT_CONVERSION = YES;
				CLANG_WARN_OBJC_ROOT_CLASS = YES_ERROR;
				CLANG_WARN_SUSPICIOUS_MOVE = YES;
				CLANG_WARN_UNREACHABLE_CODE = YES;
				CLANG_WARN__DUPLICATE_METHOD_MATCH = YES;
				"CODE_SIGN_IDENTITY[sdk=iphoneos*]" = "iPhone Developer";
				COPY_PHASE_STRIP = NO;
				DEBUG_INFORMATION_FORMAT = "dwarf-with-dsym";
				ENABLE_NS_ASSERTIONS = NO;
				ENABLE_STRICT_OBJC_MSGSEND = YES;
				GCC_C_LANGUAGE_STANDARD = gnu99;
				GCC_NO_COMMON_BLOCKS = YES;
				GCC_PREPROCESSOR_DEFINITIONS = "GPB_USE_PROTOBUF_FRAMEWORK_IMPORTS=1";
				GCC_WARN_64_TO_32_BIT_CONVERSION = YES;
				GCC_WARN_ABOUT_RETURN_TYPE = YES_ERROR;
				GCC_WARN_UNDECLARED_SELECTOR = YES;
				GCC_WARN_UNINITIALIZED_AUTOS = YES_AGGRESSIVE;
				GCC_WARN_UNUSED_FUNCTION = YES;
				GCC_WARN_UNUSED_VARIABLE = YES;
				HEADER_SEARCH_PATHS = "";
				IPHONEOS_DEPLOYMENT_TARGET = 9.2;
				LIBRARY_SEARCH_PATHS = "$(inherited)";
				MTL_ENABLE_DEBUG_INFO = NO;
				PODS_ROOT = "${SRCROOT}/Pods";
				SDKROOT = iphoneos;
				VALIDATE_PRODUCT = YES;
			};
			name = Release;
		};
		811B5EDB1C7E80F90076110E /* Debug */ = {
			isa = XCBuildConfiguration;
			baseConfigurationReference = 07C33A36D9780B67E071DDE8 /* Pods-LightStepTestUI.debug.xcconfig */;
			buildSettings = {
				ASSETCATALOG_COMPILER_APPICON_NAME = AppIcon;
				CLANG_ALLOW_NON_MODULAR_INCLUDES_IN_FRAMEWORK_MODULES = YES;
				DEVELOPMENT_TEAM = 5F7HL6C44K;
				GCC_PREPROCESSOR_DEFINITIONS = (
					"$(inherited)",
					"COCOAPODS=1",
					"$(inherited)",
				);
				HEADER_SEARCH_PATHS = "$(inherited)";
				INFOPLIST_FILE = LightStepTestUI/Info.plist;
				LD_RUNPATH_SEARCH_PATHS = "$(inherited) @executable_path/Frameworks";
				LIBRARY_SEARCH_PATHS = "$(inherited)";
				PODS_ROOT = "$(inherited)";
				PRODUCT_BUNDLE_IDENTIFIER = com.lightstep.LightStepTestUI;
				PRODUCT_NAME = "$(TARGET_NAME)";
			};
			name = Debug;
		};
		811B5EDC1C7E80F90076110E /* Release */ = {
			isa = XCBuildConfiguration;
			baseConfigurationReference = 4E3F58243825167ED6188095 /* Pods-LightStepTestUI.release.xcconfig */;
			buildSettings = {
				ASSETCATALOG_COMPILER_APPICON_NAME = AppIcon;
				CLANG_ALLOW_NON_MODULAR_INCLUDES_IN_FRAMEWORK_MODULES = YES;
				DEVELOPMENT_TEAM = 5F7HL6C44K;
				GCC_PREPROCESSOR_DEFINITIONS = (
					"$(inherited)",
					"COCOAPODS=1",
					"$(inherited)",
				);
				HEADER_SEARCH_PATHS = "$(inherited)";
				INFOPLIST_FILE = LightStepTestUI/Info.plist;
				LD_RUNPATH_SEARCH_PATHS = "$(inherited) @executable_path/Frameworks";
				LIBRARY_SEARCH_PATHS = "$(inherited)";
				PODS_ROOT = "$(inherited)";
				PRODUCT_BUNDLE_IDENTIFIER = com.lightstep.LightStepTestUI;
				PRODUCT_NAME = "$(TARGET_NAME)";
			};
			name = Release;
		};
		817C86221C84D0200060C5FD /* Debug */ = {
			isa = XCBuildConfiguration;
			baseConfigurationReference = C9D5B00D38FF88B3D56EB4BA /* Pods-LightStepUnitTests.debug.xcconfig */;
			buildSettings = {
				BUNDLE_LOADER = "$(TEST_HOST)";
				INFOPLIST_FILE = LightStepUnitTests/Info.plist;
				LD_RUNPATH_SEARCH_PATHS = "$(inherited) @executable_path/Frameworks @loader_path/Frameworks";
				LIBRARY_SEARCH_PATHS = "$(inherited)";
				PRODUCT_BUNDLE_IDENTIFIER = com.lightstep.LightStepUnitTests;
				PRODUCT_NAME = "$(TARGET_NAME)";
				TEST_HOST = "$(BUILT_PRODUCTS_DIR)/LightStepTestUI.app/LightStepTestUI";
			};
			name = Debug;
		};
		817C86231C84D0200060C5FD /* Release */ = {
			isa = XCBuildConfiguration;
			baseConfigurationReference = C44D7FC31F0A312669727212 /* Pods-LightStepUnitTests.release.xcconfig */;
			buildSettings = {
				BUNDLE_LOADER = "$(TEST_HOST)";
				INFOPLIST_FILE = LightStepUnitTests/Info.plist;
				LD_RUNPATH_SEARCH_PATHS = "$(inherited) @executable_path/Frameworks @loader_path/Frameworks";
				LIBRARY_SEARCH_PATHS = "$(inherited)";
				PRODUCT_BUNDLE_IDENTIFIER = com.lightstep.LightStepUnitTests;
				PRODUCT_NAME = "$(TARGET_NAME)";
				TEST_HOST = "$(BUILT_PRODUCTS_DIR)/LightStepTestUI.app/LightStepTestUI";
			};
			name = Release;
		};
/* End XCBuildConfiguration section */

/* Begin XCConfigurationList section */
		811B5EBE1C7E80F90076110E /* Build configuration list for PBXProject "LightStepTestUI" */ = {
			isa = XCConfigurationList;
			buildConfigurations = (
				811B5ED81C7E80F90076110E /* Debug */,
				811B5ED91C7E80F90076110E /* Release */,
			);
			defaultConfigurationIsVisible = 0;
			defaultConfigurationName = Release;
		};
		811B5EDA1C7E80F90076110E /* Build configuration list for PBXNativeTarget "LightStepTestUI" */ = {
			isa = XCConfigurationList;
			buildConfigurations = (
				811B5EDB1C7E80F90076110E /* Debug */,
				811B5EDC1C7E80F90076110E /* Release */,
			);
			defaultConfigurationIsVisible = 0;
			defaultConfigurationName = Release;
		};
		817C86241C84D0200060C5FD /* Build configuration list for PBXNativeTarget "LightStepUnitTests" */ = {
			isa = XCConfigurationList;
			buildConfigurations = (
				817C86221C84D0200060C5FD /* Debug */,
				817C86231C84D0200060C5FD /* Release */,
			);
			defaultConfigurationIsVisible = 0;
			defaultConfigurationName = Release;
		};
/* End XCConfigurationList section */
	};
	rootObject = 811B5EBB1C7E80F90076110E /* Project object */;
}
