PODS:
  - lightstep (3.1.2):
    - opentracing (~> 0.4.0)
  - opentracing (0.4.2)

DEPENDENCIES:
  - lightstep (from `../..`)

EXTERNAL SOURCES:
  lightstep:
    :path: "../.."

SPEC CHECKSUMS:
  lightstep: 765ea2b4e194e38612f56d1ebf5ce8456a0e429f
  opentracing: ead1caa5478ee78318bda55862fe33a2e67478a4

PODFILE CHECKSUM: bfd9102b27bfd914ba18cf670030ea656a0eb606

COCOAPODS: 1.1.0.rc.2
